
Microsoft Visual Studio Solution File, Format Version 12.00
# Visual Studio Version 16
VisualStudioVersion = 16.0.29209.62
MinimumVisualStudioVersion = 10.0.40219.1
Project("{FAE04EC0-301F-11D3-BF4B-00C04F79EFBC}") = "WPFInterop", "WPFInterop.csproj", "{1A3D256B-2FCE-4B77-A056-612E25874F69}"
EndProject
Project("{8BC9CEB8-8B4A-11D0-8D11-00A0C91BC942}") = "ArithmeticCodingLibrary", "ArithmeticCodingLibrary\ArithmeticCodingLibrary.vcxproj", "{01AA5BB5-17AF-403C-9E45-9BAA4D2555C2}"
EndProject
Project("{8BC9CEB8-8B4A-11D0-8D11-00A0C91BC942}") = "HuffmanCodingLibrary", "HuffmanCodingLibrary\HuffmanCodingLibrary.vcxproj", "{C4C6AB70-0E81-4045-B008-8DFA2814385C}"
EndProject
Project("{8BC9CEB8-8B4A-11D0-8D11-00A0C91BC942}") = "CRCCodingLibrary", "CRCCodingLibrary\CRCCodingLibrary.vcxproj", "{B28AF519-7CF6-40F0-9A8F-38A4628CE790}"
EndProject
Global
	GlobalSection(SolutionConfigurationPlatforms) = preSolution
		Debug|Any CPU = Debug|Any CPU
		Debug|x64 = Debug|x64
		Debug|x86 = Debug|x86
		Release|Any CPU = Release|Any CPU
		Release|x64 = Release|x64
		Release|x86 = Release|x86
	EndGlobalSection
	GlobalSection(ProjectConfigurationPlatforms) = postSolution
		{1A3D256B-2FCE-4B77-A056-612E25874F69}.Debug|Any CPU.ActiveCfg = Debug|Any CPU
		{1A3D256B-2FCE-4B77-A056-612E25874F69}.Debug|x64.ActiveCfg = Debug|Any CPU
		{1A3D256B-2FCE-4B77-A056-612E25874F69}.Debug|x64.Build.0 = Debug|Any CPU
		{1A3D256B-2FCE-4B77-A056-612E25874F69}.Debug|x86.ActiveCfg = Debug|Any CPU
		{1A3D256B-2FCE-4B77-A056-612E25874F69}.Debug|x86.Build.0 = Debug|Any CPU
		{1A3D256B-2FCE-4B77-A056-612E25874F69}.Release|Any CPU.ActiveCfg = Release|Any CPU
		{1A3D256B-2FCE-4B77-A056-612E25874F69}.Release|Any CPU.Build.0 = Release|Any CPU
		{1A3D256B-2FCE-4B77-A056-612E25874F69}.Release|x64.ActiveCfg = Release|Any CPU
		{1A3D256B-2FCE-4B77-A056-612E25874F69}.Release|x64.Build.0 = Release|Any CPU
		{1A3D256B-2FCE-4B77-A056-612E25874F69}.Release|x86.ActiveCfg = Release|Any CPU
		{1A3D256B-2FCE-4B77-A056-612E25874F69}.Release|x86.Build.0 = Release|Any CPU
		{01AA5BB5-17AF-403C-9E45-9BAA4D2555C2}.Debug|Any CPU.ActiveCfg = Debug|x64
		{01AA5BB5-17AF-403C-9E45-9BAA4D2555C2}.Debug|Any CPU.Build.0 = Debug|x64
		{01AA5BB5-17AF-403C-9E45-9BAA4D2555C2}.Debug|x64.ActiveCfg = Debug|x64
		{01AA5BB5-17AF-403C-9E45-9BAA4D2555C2}.Debug|x64.Build.0 = Debug|x64
		{01AA5BB5-17AF-403C-9E45-9BAA4D2555C2}.Debug|x86.ActiveCfg = Debug|Win32
		{01AA5BB5-17AF-403C-9E45-9BAA4D2555C2}.Debug|x86.Build.0 = Debug|Win32
		{01AA5BB5-17AF-403C-9E45-9BAA4D2555C2}.Release|Any CPU.ActiveCfg = Release|Win32
		{01AA5BB5-17AF-403C-9E45-9BAA4D2555C2}.Release|x64.ActiveCfg = Release|x64
		{01AA5BB5-17AF-403C-9E45-9BAA4D2555C2}.Release|x64.Build.0 = Release|x64
		{01AA5BB5-17AF-403C-9E45-9BAA4D2555C2}.Release|x86.ActiveCfg = Release|Win32
		{01AA5BB5-17AF-403C-9E45-9BAA4D2555C2}.Release|x86.Build.0 = Release|Win32
		{C4C6AB70-0E81-4045-B008-8DFA2814385C}.Debug|Any CPU.ActiveCfg = Debug|x64
		{C4C6AB70-0E81-4045-B008-8DFA2814385C}.Debug|Any CPU.Build.0 = Debug|x64
		{C4C6AB70-0E81-4045-B008-8DFA2814385C}.Debug|x64.ActiveCfg = Debug|x64
		{C4C6AB70-0E81-4045-B008-8DFA2814385C}.Debug|x64.Build.0 = Debug|x64
		{C4C6AB70-0E81-4045-B008-8DFA2814385C}.Debug|x86.ActiveCfg = Debug|Win32
		{C4C6AB70-0E81-4045-B008-8DFA2814385C}.Debug|x86.Build.0 = Debug|Win32
		{C4C6AB70-0E81-4045-B008-8DFA2814385C}.Release|Any CPU.ActiveCfg = Release|Win32
		{C4C6AB70-0E81-4045-B008-8DFA2814385C}.Release|x64.ActiveCfg = Release|x64
		{C4C6AB70-0E81-4045-B008-8DFA2814385C}.Release|x64.Build.0 = Release|x64
		{C4C6AB70-0E81-4045-B008-8DFA2814385C}.Release|x86.ActiveCfg = Release|Win32
		{C4C6AB70-0E81-4045-B008-8DFA2814385C}.Release|x86.Build.0 = Release|Win32
		{B28AF519-7CF6-40F0-9A8F-38A4628CE790}.Debug|Any CPU.ActiveCfg = Debug|x64
		{B28AF519-7CF6-40F0-9A8F-38A4628CE790}.Debug|Any CPU.Build.0 = Debug|x64
		{B28AF519-7CF6-40F0-9A8F-38A4628CE790}.Debug|x64.ActiveCfg = Debug|x64
		{B28AF519-7CF6-40F0-9A8F-38A4628CE790}.Debug|x64.Build.0 = Debug|x64
		{B28AF519-7CF6-40F0-9A8F-38A4628CE790}.Debug|x86.ActiveCfg = Debug|Win32
		{B28AF519-7CF6-40F0-9A8F-38A4628CE790}.Debug|x86.Build.0 = Debug|Win32
		{B28AF519-7CF6-40F0-9A8F-38A4628CE790}.Release|Any CPU.ActiveCfg = Release|Win32
		{B28AF519-7CF6-40F0-9A8F-38A4628CE790}.Release|x64.ActiveCfg = Release|x64
		{B28AF519-7CF6-40F0-9A8F-38A4628CE790}.Release|x64.Build.0 = Release|x64
		{B28AF519-7CF6-40F0-9A8F-38A4628CE790}.Release|x86.ActiveCfg = Release|Win32
		{B28AF519-7CF6-40F0-9A8F-38A4628CE790}.Release|x86.Build.0 = Release|Win32
	EndGlobalSection
	GlobalSection(SolutionProperties) = preSolution
		HideSolutionNode = FALSE
	EndGlobalSection
	GlobalSection(ExtensibilityGlobals) = postSolution
		SolutionGuid = {8161788B-8A8C-40A4-9E55-9773C7C170C2}
	EndGlobalSection
EndGlobal
